PODS:
  - Alamofire (5.7.1)
  - Flutter (1.0.0)
  - lightstreamer_flutter_client (1.1.0):
    - Flutter
    - LightstreamerClient (~> 6.0.0)
  - LightstreamerClient (6.0.0):
    - Alamofire (~> 5.2)
    - RMJSONPatch (~> 1.0)
    - Starscream (~> 4.0)
  - RMJSONPatch (1.0.4)
  - Starscream (4.0.4)

DEPENDENCIES:
  - Flutter (from `Flutter`)
  - lightstreamer_flutter_client (from `.symlinks/plugins/lightstreamer_flutter_client/ios`)

SPEC REPOS:
  trunk:
    - Alamofire
    - LightstreamerClient
    - RMJSONPatch
    - Starscream

EXTERNAL SOURCES:
  Flutter:
    :path: Flutter
  lightstreamer_flutter_client:
    :path: ".symlinks/plugins/lightstreamer_flutter_client/ios"

SPEC CHECKSUMS:
  Alamofire: 0123a34370cb170936ae79a8df46cc62b2edeb88
  Flutter: 50d75fe2f02b26cc09d224853bb45737f8b3214a
  lightstreamer_flutter_client: 4f229b4fea1263e10bbfb8344e7c00f278e0d738
  LightstreamerClient: c6933c5305ea52de6bec3296e26d21f87be8021c
  RMJSONPatch: 60d351ad27d164352f8ea6b055c07c976f1bd2d1
  Starscream: 5178aed56b316f13fa3bc55694e583d35dd414d9

PODFILE CHECKSUM: aafe91acc616949ddb318b77800a7f51bffa2a4c

COCOAPODS: 1.12.1
