PODS:
  - Alamofire (5.6.2)
  - Flutter (1.0.0)
  - lightstreamer_flutter_client (1.0.0):
    - Flutter
    - LightstreamerClient (~> 5.0.0-beta.4)
  - LightstreamerClient (5.0.0-beta.4):
    - Alamofire (~> 5.2)
    - Starscream (~> 4.0)
  - Starscream (4.0.4)

DEPENDENCIES:
  - Flutter (from `Flutter`)
  - lightstreamer_flutter_client (from `.symlinks/plugins/lightstreamer_flutter_client/ios`)

SPEC REPOS:
  trunk:
    - Alamofire
    - LightstreamerClient
    - Starscream

EXTERNAL SOURCES:
  Flutter:
    :path: Flutter
  lightstreamer_flutter_client:
    :path: ".symlinks/plugins/lightstreamer_flutter_client/ios"

SPEC CHECKSUMS:
  Alamofire: d368e1ff8a298e6dde360e35a3e68e6c610e7204
  Flutter: 50d75fe2f02b26cc09d224853bb45737f8b3214a
  lightstreamer_flutter_client: 04c32ecdb06bd3b0fb2bb90c71f947201e56f08c
  LightstreamerClient: 0e32bab3b1d5a0af23c4a6425f056cd29699824f
  Starscream: 5178aed56b316f13fa3bc55694e583d35dd414d9

PODFILE CHECKSUM: aafe91acc616949ddb318b77800a7f51bffa2a4c

COCOAPODS: 1.11.3
